
Microsoft Visual Studio Solution File, Format Version 12.00
# Visual Studio Version 16
VisualStudioVersion = 16.0.810.10
MinimumVisualStudioVersion = 10.0.40219.1
Project("{FAE04EC0-301F-11D3-BF4B-00C04F79EFBC}") = "Code1st", "Code1st.csproj", "{63C20D1D-FA1A-4BFB-86A3-146D40BF6A98}"
EndProject
Global
	GlobalSection(SolutionConfigurationPlatforms) = preSolution
		Debug|Any CPU = Debug|Any CPU
		Release|Any CPU = Release|Any CPU
	EndGlobalSection
	GlobalSection(ProjectConfigurationPlatforms) = postSolution
		{63C20D1D-FA1A-4BFB-86A3-146D40BF6A98}.Debug|Any CPU.ActiveCfg = Debug|Any CPU
		{63C20D1D-FA1A-4BFB-86A3-146D40BF6A98}.Debug|Any CPU.Build.0 = Debug|Any CPU
		{63C20D1D-FA1A-4BFB-86A3-146D40BF6A98}.Release|Any CPU.ActiveCfg = Release|Any CPU
		{63C20D1D-FA1A-4BFB-86A3-146D40BF6A98}.Release|Any CPU.Build.0 = Release|Any CPU
	EndGlobalSection
	GlobalSection(SolutionProperties) = preSolution
		HideSolutionNode = FALSE
	EndGlobalSection
	GlobalSection(ExtensibilityGlobals) = postSolution
		SolutionGuid = {D67A3BEF-2889-425A-9624-D1E0D9A85851}
	EndGlobalSection
EndGlobal
